
Microsoft Visual Studio Solution File, Format Version 12.00
# Visual Studio Version 17
VisualStudioVersion = 17.1.32210.238
MinimumVisualStudioVersion = 10.0.40219.1
Project("{FAE04EC0-301F-11D3-BF4B-00C04F79EFBC}") = "for you teelgram bot final", "for you teelgram bot final.csproj", "{9630D9A5-3205-48FF-9356-76EA15FD8DB9}"
EndProject
Global
	GlobalSection(SolutionConfigurationPlatforms) = preSolution
		Debug|Any CPU = Debug|Any CPU
		Release|Any CPU = Release|Any CPU
	EndGlobalSection
	GlobalSection(ProjectConfigurationPlatforms) = postSolution
		{9630D9A5-3205-48FF-9356-76EA15FD8DB9}.Debug|Any CPU.ActiveCfg = Debug|Any CPU
		{9630D9A5-3205-48FF-9356-76EA15FD8DB9}.Debug|Any CPU.Build.0 = Debug|Any CPU
		{9630D9A5-3205-48FF-9356-76EA15FD8DB9}.Release|Any CPU.ActiveCfg = Release|Any CPU
		{9630D9A5-3205-48FF-9356-76EA15FD8DB9}.Release|Any CPU.Build.0 = Release|Any CPU
	EndGlobalSection
	GlobalSection(SolutionProperties) = preSolution
		HideSolutionNode = FALSE
	EndGlobalSection
	GlobalSection(ExtensibilityGlobals) = postSolution
		SolutionGuid = {EA4D3CD2-844C-4207-8F0C-E117C6A9FD3D}
	EndGlobalSection
EndGlobal
